
Microsoft Visual Studio Solution File, Format Version 12.00
Project("{FAE04EC0-301F-11D3-BF4B-00C04F79EFBC}") = "AoC.Console", "src\AoC.Console\AoC.Console.csproj", "{EE9BE869-8376-420D-9B8A-6EBBEDE0E8D8}"
EndProject
Project("{FAE04EC0-301F-11D3-BF4B-00C04F79EFBC}") = "AoC.2022", "src\AoC.2022\AoC.2022.csproj", "{7FAD48A7-0160-44E0-800E-45E9134F7DF3}"
EndProject
Project("{FAE04EC0-301F-11D3-BF4B-00C04F79EFBC}") = "AoC.Core", "src\AoC.Core\AoC.Core.csproj", "{A138D04C-1AE3-4BA9-82D7-478400FA516D}"
EndProject
Project("{FAE04EC0-301F-11D3-BF4B-00C04F79EFBC}") = "AoC.2023", "src\AoC.2023\AoC.2023.csproj", "{E8B1AB06-CACF-4EFB-B439-34169CE8D7C5}"
EndProject
Global
	GlobalSection(SolutionConfigurationPlatforms) = preSolution
		Debug|Any CPU = Debug|Any CPU
		Release|Any CPU = Release|Any CPU
	EndGlobalSection
	GlobalSection(ProjectConfigurationPlatforms) = postSolution
		{EE9BE869-8376-420D-9B8A-6EBBEDE0E8D8}.Debug|Any CPU.ActiveCfg = Debug|Any CPU
		{EE9BE869-8376-420D-9B8A-6EBBEDE0E8D8}.Debug|Any CPU.Build.0 = Debug|Any CPU
		{EE9BE869-8376-420D-9B8A-6EBBEDE0E8D8}.Release|Any CPU.ActiveCfg = Release|Any CPU
		{EE9BE869-8376-420D-9B8A-6EBBEDE0E8D8}.Release|Any CPU.Build.0 = Release|Any CPU
		{7FAD48A7-0160-44E0-800E-45E9134F7DF3}.Debug|Any CPU.ActiveCfg = Debug|Any CPU
		{7FAD48A7-0160-44E0-800E-45E9134F7DF3}.Debug|Any CPU.Build.0 = Debug|Any CPU
		{7FAD48A7-0160-44E0-800E-45E9134F7DF3}.Release|Any CPU.ActiveCfg = Release|Any CPU
		{7FAD48A7-0160-44E0-800E-45E9134F7DF3}.Release|Any CPU.Build.0 = Release|Any CPU
		{A138D04C-1AE3-4BA9-82D7-478400FA516D}.Debug|Any CPU.ActiveCfg = Debug|Any CPU
		{A138D04C-1AE3-4BA9-82D7-478400FA516D}.Debug|Any CPU.Build.0 = Debug|Any CPU
		{A138D04C-1AE3-4BA9-82D7-478400FA516D}.Release|Any CPU.ActiveCfg = Release|Any CPU
		{A138D04C-1AE3-4BA9-82D7-478400FA516D}.Release|Any CPU.Build.0 = Release|Any CPU
		{E8B1AB06-CACF-4EFB-B439-34169CE8D7C5}.Debug|Any CPU.ActiveCfg = Debug|Any CPU
		{E8B1AB06-CACF-4EFB-B439-34169CE8D7C5}.Debug|Any CPU.Build.0 = Debug|Any CPU
		{E8B1AB06-CACF-4EFB-B439-34169CE8D7C5}.Release|Any CPU.ActiveCfg = Release|Any CPU
		{E8B1AB06-CACF-4EFB-B439-34169CE8D7C5}.Release|Any CPU.Build.0 = Release|Any CPU
	EndGlobalSection
EndGlobal
